// !$*UTF8*$!
{
	archiveVersion = 1;
	classes = {
	};
	objectVersion = 50;
	objects = {

/* Begin PBXBuildFile section */
		9687B98022DC0EB100CDA691 /* AppDelegate.swift in Sources */ = {isa = PBXBuildFile; fileRef = 9687B97F22DC0EB100CDA691 /* AppDelegate.swift */; };
		9687B98222DC0EB100CDA691 /* ViewController.swift in Sources */ = {isa = PBXBuildFile; fileRef = 9687B98122DC0EB100CDA691 /* ViewController.swift */; };
		9687B98522DC0EB100CDA691 /* Main.storyboard in Resources */ = {isa = PBXBuildFile; fileRef = 9687B98322DC0EB100CDA691 /* Main.storyboard */; };
		9687B98722DC0EB200CDA691 /* Assets.xcassets in Resources */ = {isa = PBXBuildFile; fileRef = 9687B98622DC0EB200CDA691 /* Assets.xcassets */; };
		9687B98A22DC0EB200CDA691 /* LaunchScreen.storyboard in Resources */ = {isa = PBXBuildFile; fileRef = 9687B98822DC0EB200CDA691 /* LaunchScreen.storyboard */; };
		96B0E12822FE770500C9000C /* espnetv2_pascal_256.mlmodel in Sources */ = {isa = PBXBuildFile; fileRef = 96B0E12722FE770500C9000C /* espnetv2_pascal_256.mlmodel */; };
/* End PBXBuildFile section */

/* Begin PBXFileReference section */
		9687B97C22DC0EB100CDA691 /* SemSegiPhone.app */ = {isa = PBXFileReference; explicitFileType = wrapper.application; includeInIndex = 0; path = SemSegiPhone.app; sourceTree = BUILT_PRODUCTS_DIR; };
		9687B97F22DC0EB100CDA691 /* AppDelegate.swift */ = {isa = PBXFileReference; lastKnownFileType = sourcecode.swift; path = AppDelegate.swift; sourceTree = "<group>"; };
		9687B98122DC0EB100CDA691 /* ViewController.swift */ = {isa = PBXFileReference; lastKnownFileType = sourcecode.swift; path = ViewController.swift; sourceTree = "<group>"; };
		9687B98422DC0EB100CDA691 /* Base */ = {isa = PBXFileReference; lastKnownFileType = file.storyboard; name = Base; path = Base.lproj/Main.storyboard; sourceTree = "<group>"; };
		9687B98622DC0EB200CDA691 /* Assets.xcassets */ = {isa = PBXFileReference; lastKnownFileType = folder.assetcatalog; path = Assets.xcassets; sourceTree = "<group>"; };
		9687B98922DC0EB200CDA691 /* Base */ = {isa = PBXFileReference; lastKnownFileType = file.storyboard; name = Base; path = Base.lproj/LaunchScreen.storyboard; sourceTree = "<group>"; };
		9687B98B22DC0EB200CDA691 /* Info.plist */ = {isa = PBXFileReference; lastKnownFileType = text.plist.xml; path = Info.plist; sourceTree = "<group>"; };
		96B0E12722FE770500C9000C /* espnetv2_pascal_256.mlmodel */ = {isa = PBXFileReference; lastKnownFileType = file.mlmodel; path = espnetv2_pascal_256.mlmodel; sourceTree = "<group>"; };
/* End PBXFileReference section */

/* Begin PBXFrameworksBuildPhase section */
		9687B97922DC0EB100CDA691 /* Frameworks */ = {
			isa = PBXFrameworksBuildPhase;
			buildActionMask = 2147483647;
			files = (
			);
			runOnlyForDeploymentPostprocessing = 0;
		};
/* End PBXFrameworksBuildPhase section */

/* Begin PBXGroup section */
		9687B97322DC0EB100CDA691 = {
			isa = PBXGroup;
			children = (
				9687B97E22DC0EB100CDA691 /* SemSegiPhone */,
				9687B97D22DC0EB100CDA691 /* Products */,
			);
			sourceTree = "<group>";
		};
		9687B97D22DC0EB100CDA691 /* Products */ = {
			isa = PBXGroup;
			children = (
				9687B97C22DC0EB100CDA691 /* SemSegiPhone.app */,
			);
			name = Products;
			sourceTree = "<group>";
		};
		9687B97E22DC0EB100CDA691 /* SemSegiPhone */ = {
			isa = PBXGroup;
			children = (
				9687B99122DC0ED100CDA691 /* model */,
				9687B97F22DC0EB100CDA691 /* AppDelegate.swift */,
				9687B98122DC0EB100CDA691 /* ViewController.swift */,
				9687B98322DC0EB100CDA691 /* Main.storyboard */,
				9687B98622DC0EB200CDA691 /* Assets.xcassets */,
				9687B98822DC0EB200CDA691 /* LaunchScreen.storyboard */,
				9687B98B22DC0EB200CDA691 /* Info.plist */,
			);
			path = SemSegiPhone;
			sourceTree = "<group>";
		};
		9687B99122DC0ED100CDA691 /* model */ = {
			isa = PBXGroup;
			children = (
				96B0E12722FE770500C9000C /* espnetv2_pascal_256.mlmodel */,
			);
			path = model;
			sourceTree = "<group>";
		};
/* End PBXGroup section */

/* Begin PBXNativeTarget section */
		9687B97B22DC0EB100CDA691 /* SemSegiPhone */ = {
			isa = PBXNativeTarget;
			buildConfigurationList = 9687B98E22DC0EB200CDA691 /* Build configuration list for PBXNativeTarget "SemSegiPhone" */;
			buildPhases = (
				9687B97822DC0EB100CDA691 /* Sources */,
				9687B97922DC0EB100CDA691 /* Frameworks */,
				9687B97A22DC0EB100CDA691 /* Resources */,
			);
			buildRules = (
			);
			dependencies = (
			);
			name = SemSegiPhone;
			productName = SemSegiPhone;
			productReference = 9687B97C22DC0EB100CDA691 /* SemSegiPhone.app */;
			productType = "com.apple.product-type.application";
		};
/* End PBXNativeTarget section */

/* Begin PBXProject section */
		9687B97422DC0EB100CDA691 /* Project object */ = {
			isa = PBXProject;
			attributes = {
				LastSwiftUpdateCheck = 0940;
				LastUpgradeCheck = 0940;
				ORGANIZATIONNAME = "Sachin Mehta";
				TargetAttributes = {
					9687B97B22DC0EB100CDA691 = {
						CreatedOnToolsVersion = 9.4.1;
					};
				};
			};
			buildConfigurationList = 9687B97722DC0EB100CDA691 /* Build configuration list for PBXProject "SemSegiPhone" */;
			compatibilityVersion = "Xcode 9.3";
			developmentRegion = en;
			hasScannedForEncodings = 0;
			knownRegions = (
				en,
				Base,
			);
			mainGroup = 9687B97322DC0EB100CDA691;
			productRefGroup = 9687B97D22DC0EB100CDA691 /* Products */;
			projectDirPath = "";
			projectRoot = "";
			targets = (
				9687B97B22DC0EB100CDA691 /* SemSegiPhone */,
			);
		};
/* End PBXProject section */

/* Begin PBXResourcesBuildPhase section */
		9687B97A22DC0EB100CDA691 /* Resources */ = {
			isa = PBXResourcesBuildPhase;
			buildActionMask = 2147483647;
			files = (
				9687B98A22DC0EB200CDA691 /* LaunchScreen.storyboard in Resources */,
				9687B98722DC0EB200CDA691 /* Assets.xcassets in Resources */,
				9687B98522DC0EB100CDA691 /* Main.storyboard in Resources */,
			);
			runOnlyForDeploymentPostprocessing = 0;
		};
/* End PBXResourcesBuildPhase section */

/* Begin PBXSourcesBuildPhase section */
		9687B97822DC0EB100CDA691 /* Sources */ = {
			isa = PBXSourcesBuildPhase;
			buildActionMask = 2147483647;
			files = (
				96B0E12822FE770500C9000C /* espnetv2_pascal_256.mlmodel in Sources */,
				9687B98222DC0EB100CDA691 /* ViewController.swift in Sources */,
				9687B98022DC0EB100CDA691 /* AppDelegate.swift in Sources */,
			);
			runOnlyForDeploymentPostprocessing = 0;
		};
/* End PBXSourcesBuildPhase section */

/* Begin PBXVariantGroup section */
		9687B98322DC0EB100CDA691 /* Main.storyboard */ = {
			isa = PBXVariantGroup;
			children = (
				9687B98422DC0EB100CDA691 /* Base */,
			);
			name = Main.storyboard;
			sourceTree = "<group>";
		};
		9687B98822DC0EB200CDA691 /* LaunchScreen.storyboard */ = {
			isa = PBXVariantGroup;
			children = (
				9687B98922DC0EB200CDA691 /* Base */,
			);
			name = LaunchScreen.storyboard;
			sourceTree = "<group>";
		};
/* End PBXVariantGroup section */

/* Begin XCBuildConfiguration section */
		9687B98C22DC0EB200CDA691 /* Debug */ = {
			isa = XCBuildConfiguration;
			buildSettings = {
				ALWAYS_SEARCH_USER_PATHS = NO;
				CLANG_ANALYZER_NONNULL = YES;
				CLANG_ANALYZER_NUMBER_OBJECT_CONVERSION = YES_AGGRESSIVE;
				CLANG_CXX_LANGUAGE_STANDARD = "gnu++14";
				CLANG_CXX_LIBRARY = "libc++";
				CLANG_ENABLE_MODULES = YES;
				CLANG_ENABLE_OBJC_ARC = YES;
				CLANG_ENABLE_OBJC_WEAK = YES;
				CLANG_WARN_BLOCK_CAPTURE_AUTORELEASING = YES;
				CLANG_WARN_BOOL_CONVERSION = YES;
				CLANG_WARN_COMMA = YES;
				CLANG_WARN_CONSTANT_CONVERSION = YES;
				CLANG_WARN_DEPRECATED_OBJC_IMPLEMENTATIONS = YES;
				CLANG_WARN_DIRECT_OBJC_ISA_USAGE = YES_ERROR;
				CLANG_WARN_DOCUMENTATION_COMMENTS = YES;
				CLANG_WARN_EMPTY_BODY = YES;
				CLANG_WARN_ENUM_CONVERSION = YES;
				CLANG_WARN_INFINITE_RECURSION = YES;
				CLANG_WARN_INT_CONVERSION = YES;
				CLANG_WARN_NON_LITERAL_NULL_CONVERSION = YES;
				CLANG_WARN_OBJC_IMPLICIT_RETAIN_SELF = YES;
				CLANG_WARN_OBJC_LITERAL_CONVERSION = YES;
				CLANG_WARN_OBJC_ROOT_CLASS = YES_ERROR;
				CLANG_WARN_RANGE_LOOP_ANALYSIS = YES;
				CLANG_WARN_STRICT_PROTOTYPES = YES;
				CLANG_WARN_SUSPICIOUS_MOVE = YES;
				CLANG_WARN_UNGUARDED_AVAILABILITY = YES_AGGRESSIVE;
				CLANG_WARN_UNREACHABLE_CODE = YES;
				CLANG_WARN__DUPLICATE_METHOD_MATCH = YES;
				CODE_SIGN_IDENTITY = "iPhone Developer";
				COPY_PHASE_STRIP = NO;
				DEBUG_INFORMATION_FORMAT = dwarf;
				ENABLE_STRICT_OBJC_MSGSEND = YES;
				ENABLE_TESTABILITY = YES;
				GCC_C_LANGUAGE_STANDARD = gnu11;
				GCC_DYNAMIC_NO_PIC = NO;
				GCC_NO_COMMON_BLOCKS = YES;
				GCC_OPTIMIZATION_LEVEL = 0;
				GCC_PREPROCESSOR_DEFINITIONS = (
					"DEBUG=1",
					"$(inherited)",
				);
				GCC_WARN_64_TO_32_BIT_CONVERSION = YES;
				GCC_WARN_ABOUT_RETURN_TYPE = YES_ERROR;
				GCC_WARN_UNDECLARED_SELECTOR = YES;
				GCC_WARN_UNINITIALIZED_AUTOS = YES_AGGRESSIVE;
				GCC_WARN_UNUSED_FUNCTION = YES;
				GCC_WARN_UNUSED_VARIABLE = YES;
				IPHONEOS_DEPLOYMENT_TARGET = 11.4;
				MTL_ENABLE_DEBUG_INFO = YES;
				ONLY_ACTIVE_ARCH = YES;
				SDKROOT = iphoneos;
				SWIFT_ACTIVE_COMPILATION_CONDITIONS = DEBUG;
				SWIFT_OPTIMIZATION_LEVEL = "-Onone";
			};
			name = Debug;
		};
		9687B98D22DC0EB200CDA691 /* Release */ = {
			isa = XCBuildConfiguration;
			buildSettings = {
				ALWAYS_SEARCH_USER_PATHS = NO;
				CLANG_ANALYZER_NONNULL = YES;
				CLANG_ANALYZER_NUMBER_OBJECT_CONVERSION = YES_AGGRESSIVE;
				CLANG_CXX_LANGUAGE_STANDARD = "gnu++14";
				CLANG_CXX_LIBRARY = "libc++";
				CLANG_ENABLE_MODULES = YES;
				CLANG_ENABLE_OBJC_ARC = YES;
				CLANG_ENABLE_OBJC_WEAK = YES;
				CLANG_WARN_BLOCK_CAPTURE_AUTORELEASING = YES;
				CLANG_WARN_BOOL_CONVERSION = YES;
				CLANG_WARN_COMMA = YES;
				CLANG_WARN_CONSTANT_CONVERSION = YES;
				CLANG_WARN_DEPRECATED_OBJC_IMPLEMENTATIONS = YES;
				CLANG_WARN_DIRECT_OBJC_ISA_USAGE = YES_ERROR;
				CLANG_WARN_DOCUMENTATION_COMMENTS = YES;
				CLANG_WARN_EMPTY_BODY = YES;
				CLANG_WARN_ENUM_CONVERSION = YES;
				CLANG_WARN_INFINITE_RECURSION = YES;
				CLANG_WARN_INT_CONVERSION = YES;
				CLANG_WARN_NON_LITERAL_NULL_CONVERSION = YES;
				CLANG_WARN_OBJC_IMPLICIT_RETAIN_SELF = YES;
				CLANG_WARN_OBJC_LITERAL_CONVERSION = YES;
				CLANG_WARN_OBJC_ROOT_CLASS = YES_ERROR;
				CLANG_WARN_RANGE_LOOP_ANALYSIS = YES;
				CLANG_WARN_STRICT_PROTOTYPES = YES;
				CLANG_WARN_SUSPICIOUS_MOVE = YES;
				CLANG_WARN_UNGUARDED_AVAILABILITY = YES_AGGRESSIVE;
				CLANG_WARN_UNREACHABLE_CODE = YES;
				CLANG_WARN__DUPLICATE_METHOD_MATCH = YES;
				CODE_SIGN_IDENTITY = "iPhone Developer";
				COPY_PHASE_STRIP = NO;
				DEBUG_INFORMATION_FORMAT = "dwarf-with-dsym";
				ENABLE_NS_ASSERTIONS = NO;
				ENABLE_STRICT_OBJC_MSGSEND = YES;
				GCC_C_LANGUAGE_STANDARD = gnu11;
				GCC_NO_COMMON_BLOCKS = YES;
				GCC_WARN_64_TO_32_BIT_CONVERSION = YES;
				GCC_WARN_ABOUT_RETURN_TYPE = YES_ERROR;
				GCC_WARN_UNDECLARED_SELECTOR = YES;
				GCC_WARN_UNINITIALIZED_AUTOS = YES_AGGRESSIVE;
				GCC_WARN_UNUSED_FUNCTION = YES;
				GCC_WARN_UNUSED_VARIABLE = YES;
				IPHONEOS_DEPLOYMENT_TARGET = 11.4;
				MTL_ENABLE_DEBUG_INFO = NO;
				SDKROOT = iphoneos;
				SWIFT_COMPILATION_MODE = wholemodule;
				SWIFT_OPTIMIZATION_LEVEL = "-O";
				VALIDATE_PRODUCT = YES;
			};
			name = Release;
		};
		9687B98F22DC0EB200CDA691 /* Debug */ = {
			isa = XCBuildConfiguration;
			buildSettings = {
				ASSETCATALOG_COMPILER_APPICON_NAME = AppIcon;
				CODE_SIGN_STYLE = Automatic;
				DEVELOPMENT_TEAM = D37YZ46D6U;
				INFOPLIST_FILE = SemSegiPhone/Info.plist;
				LD_RUNPATH_SEARCH_PATHS = (
					"$(inherited)",
					"@executable_path/Frameworks",
				);
				PRODUCT_BUNDLE_IDENTIFIER = sachin.mehta.SemSegiPhone;
				PRODUCT_NAME = "$(TARGET_NAME)";
				SWIFT_VERSION = 4.0;
				TARGETED_DEVICE_FAMILY = "1,2";
			};
			name = Debug;
		};
		9687B99022DC0EB200CDA691 /* Release */ = {
			isa = XCBuildConfiguration;
			buildSettings = {
				ASSETCATALOG_COMPILER_APPICON_NAME = AppIcon;
				CODE_SIGN_STYLE = Automatic;
				DEVELOPMENT_TEAM = D37YZ46D6U;
				INFOPLIST_FILE = SemSegiPhone/Info.plist;
				LD_RUNPATH_SEARCH_PATHS = (
					"$(inherited)",
					"@executable_path/Frameworks",
				);
				PRODUCT_BUNDLE_IDENTIFIER = sachin.mehta.SemSegiPhone;
				PRODUCT_NAME = "$(TARGET_NAME)";
				SWIFT_VERSION = 4.0;
				TARGETED_DEVICE_FAMILY = "1,2";
			};
			name = Release;
		};
/* End XCBuildConfiguration section */

/* Begin XCConfigurationList section */
		9687B97722DC0EB100CDA691 /* Build configuration list for PBXProject "SemSegiPhone" */ = {
			isa = XCConfigurationList;
			buildConfigurations = (
				9687B98C22DC0EB200CDA691 /* Debug */,
				9687B98D22DC0EB200CDA691 /* Release */,
			);
			defaultConfigurationIsVisible = 0;
			defaultConfigurationName = Release;
		};
		9687B98E22DC0EB200CDA691 /* Build configuration list for PBXNativeTarget "SemSegiPhone" */ = {
			isa = XCConfigurationList;
			buildConfigurations = (
				9687B98F22DC0EB200CDA691 /* Debug */,
				9687B99022DC0EB200CDA691 /* Release */,
			);
			defaultConfigurationIsVisible = 0;
			defaultConfigurationName = Release;
		};
/* End XCConfigurationList section */
	};
	rootObject = 9687B97422DC0EB100CDA691 /* Project object */;
}
